
Microsoft Visual Studio Solution File, Format Version 12.00
# Visual Studio Version 16
VisualStudioVersion = 16.0.30907.101
MinimumVisualStudioVersion = 10.0.40219.1
Project("{9A19103F-16F7-4668-BE54-9A1E7A4F7556}") = "AirCfgClient", "src\AirCfgClient.csproj", "{62D1662E-92B5-472D-98EC-F98F5EE0842B}"
EndProject
Project("{FAE04EC0-301F-11D3-BF4B-00C04F79EFBC}") = "AirCfgTestProject", "test\AirCfgTestProject.csproj", "{CA5621CB-7E28-4B05-8036-433025CC2441}"
EndProject
Global
	GlobalSection(SolutionConfigurationPlatforms) = preSolution
		Debug|Any CPU = Debug|Any CPU
		Release|Any CPU = Release|Any CPU
	EndGlobalSection
	GlobalSection(ProjectConfigurationPlatforms) = postSolution
		{62D1662E-92B5-472D-98EC-F98F5EE0842B}.Debug|Any CPU.ActiveCfg = Debug|Any CPU
		{62D1662E-92B5-472D-98EC-F98F5EE0842B}.Debug|Any CPU.Build.0 = Debug|Any CPU
		{62D1662E-92B5-472D-98EC-F98F5EE0842B}.Release|Any CPU.ActiveCfg = Release|Any CPU
		{62D1662E-92B5-472D-98EC-F98F5EE0842B}.Release|Any CPU.Build.0 = Release|Any CPU
		{CA5621CB-7E28-4B05-8036-433025CC2441}.Debug|Any CPU.ActiveCfg = Debug|Any CPU
		{CA5621CB-7E28-4B05-8036-433025CC2441}.Debug|Any CPU.Build.0 = Debug|Any CPU
		{CA5621CB-7E28-4B05-8036-433025CC2441}.Release|Any CPU.ActiveCfg = Release|Any CPU
		{CA5621CB-7E28-4B05-8036-433025CC2441}.Release|Any CPU.Build.0 = Release|Any CPU
	EndGlobalSection
	GlobalSection(SolutionProperties) = preSolution
		HideSolutionNode = FALSE
	EndGlobalSection
	GlobalSection(ExtensibilityGlobals) = postSolution
		SolutionGuid = {38EC7BE0-CAD5-4065-BB52-755C0A99E42D}
	EndGlobalSection
EndGlobal
